// !$*UTF8*$!
{
	archiveVersion = 1;
	classes = {
	};
	objectVersion = 48;
	objects = {

/* Begin PBXBuildFile section */
		1103BAED1F98F564004E2529 /* MainMenuTabbar.swift in Sources */ = {isa = PBXBuildFile; fileRef = 1103BAEC1F98F564004E2529 /* MainMenuTabbar.swift */; };
		1103BAEF1F98F5FB004E2529 /* MainViewController.swift in Sources */ = {isa = PBXBuildFile; fileRef = 1103BAEE1F98F5FB004E2529 /* MainViewController.swift */; };
		1103BAF21F98FE7A004E2529 /* README.md in Resources */ = {isa = PBXBuildFile; fileRef = 1103BAF11F98FE7A004E2529 /* README.md */; };
		116F35771F93561D00955575 /* AppDelegate.swift in Sources */ = {isa = PBXBuildFile; fileRef = 116F35761F93561D00955575 /* AppDelegate.swift */; };
		116F357C1F93561D00955575 /* Main.storyboard in Resources */ = {isa = PBXBuildFile; fileRef = 116F357A1F93561D00955575 /* Main.storyboard */; };
		116F357E1F93561D00955575 /* Assets.xcassets in Resources */ = {isa = PBXBuildFile; fileRef = 116F357D1F93561D00955575 /* Assets.xcassets */; };
		116F35811F93561D00955575 /* LaunchScreen.storyboard in Resources */ = {isa = PBXBuildFile; fileRef = 116F357F1F93561D00955575 /* LaunchScreen.storyboard */; };
/* End PBXBuildFile section */

/* Begin PBXFileReference section */
		1103BAEC1F98F564004E2529 /* MainMenuTabbar.swift */ = {isa = PBXFileReference; lastKnownFileType = sourcecode.swift; path = MainMenuTabbar.swift; sourceTree = "<group>"; };
		1103BAEE1F98F5FB004E2529 /* MainViewController.swift */ = {isa = PBXFileReference; lastKnownFileType = sourcecode.swift; path = MainViewController.swift; sourceTree = "<group>"; };
		1103BAF11F98FE7A004E2529 /* README.md */ = {isa = PBXFileReference; fileEncoding = 4; lastKnownFileType = net.daringfireball.markdown; path = README.md; sourceTree = "<group>"; };
		116F35731F93561D00955575 /* BigCeterButtonTabbar.app */ = {isa = PBXFileReference; explicitFileType = wrapper.application; includeInIndex = 0; path = BigCeterButtonTabbar.app; sourceTree = BUILT_PRODUCTS_DIR; };
		116F35761F93561D00955575 /* AppDelegate.swift */ = {isa = PBXFileReference; lastKnownFileType = sourcecode.swift; path = AppDelegate.swift; sourceTree = "<group>"; };
		116F357B1F93561D00955575 /* Base */ = {isa = PBXFileReference; lastKnownFileType = file.storyboard; name = Base; path = Base.lproj/Main.storyboard; sourceTree = "<group>"; };
		116F357D1F93561D00955575 /* Assets.xcassets */ = {isa = PBXFileReference; lastKnownFileType = folder.assetcatalog; path = Assets.xcassets; sourceTree = "<group>"; };
		116F35801F93561D00955575 /* Base */ = {isa = PBXFileReference; lastKnownFileType = file.storyboard; name = Base; path = Base.lproj/LaunchScreen.storyboard; sourceTree = "<group>"; };
		116F35821F93561D00955575 /* Info.plist */ = {isa = PBXFileReference; lastKnownFileType = text.plist.xml; path = Info.plist; sourceTree = "<group>"; };
/* End PBXFileReference section */

/* Begin PBXFrameworksBuildPhase section */
		116F35701F93561D00955575 /* Frameworks */ = {
			isa = PBXFrameworksBuildPhase;
			buildActionMask = 2147483647;
			files = (
			);
			runOnlyForDeploymentPostprocessing = 0;
		};
/* End PBXFrameworksBuildPhase section */

/* Begin PBXGroup section */
		116F356A1F93561D00955575 = {
			isa = PBXGroup;
			children = (
				1103BAF11F98FE7A004E2529 /* README.md */,
				116F35751F93561D00955575 /* BigCeterButtonTabbar */,
				116F35741F93561D00955575 /* Products */,
			);
			sourceTree = "<group>";
		};
		116F35741F93561D00955575 /* Products */ = {
			isa = PBXGroup;
			children = (
				116F35731F93561D00955575 /* BigCeterButtonTabbar.app */,
			);
			name = Products;
			sourceTree = "<group>";
		};
		116F35751F93561D00955575 /* BigCeterButtonTabbar */ = {
			isa = PBXGroup;
			children = (
				116F35761F93561D00955575 /* AppDelegate.swift */,
				1103BAEC1F98F564004E2529 /* MainMenuTabbar.swift */,
				1103BAEE1F98F5FB004E2529 /* MainViewController.swift */,
				116F357A1F93561D00955575 /* Main.storyboard */,
				116F357D1F93561D00955575 /* Assets.xcassets */,
				116F357F1F93561D00955575 /* LaunchScreen.storyboard */,
				116F35821F93561D00955575 /* Info.plist */,
			);
			path = BigCeterButtonTabbar;
			sourceTree = "<group>";
		};
/* End PBXGroup section */

/* Begin PBXNativeTarget section */
		116F35721F93561D00955575 /* BigCeterButtonTabbar */ = {
			isa = PBXNativeTarget;
			buildConfigurationList = 116F35851F93561D00955575 /* Build configuration list for PBXNativeTarget "BigCeterButtonTabbar" */;
			buildPhases = (
				116F356F1F93561D00955575 /* Sources */,
				116F35701F93561D00955575 /* Frameworks */,
				116F35711F93561D00955575 /* Resources */,
			);
			buildRules = (
			);
			dependencies = (
			);
			name = BigCeterButtonTabbar;
			productName = BigCeterButtonTabbar;
			productReference = 116F35731F93561D00955575 /* BigCeterButtonTabbar.app */;
			productType = "com.apple.product-type.application";
		};
/* End PBXNativeTarget section */

/* Begin PBXProject section */
		116F356B1F93561D00955575 /* Project object */ = {
			isa = PBXProject;
			attributes = {
				LastSwiftUpdateCheck = 0900;
				LastUpgradeCheck = 0900;
				ORGANIZATIONNAME = "Rostyslav Druzhchenko";
				TargetAttributes = {
					116F35721F93561D00955575 = {
						CreatedOnToolsVersion = 9.0;
						ProvisioningStyle = Manual;
					};
				};
			};
			buildConfigurationList = 116F356E1F93561D00955575 /* Build configuration list for PBXProject "BigCeterButtonTabbar" */;
			compatibilityVersion = "Xcode 8.0";
			developmentRegion = en;
			hasScannedForEncodings = 0;
			knownRegions = (
				en,
				Base,
			);
			mainGroup = 116F356A1F93561D00955575;
			productRefGroup = 116F35741F93561D00955575 /* Products */;
			projectDirPath = "";
			projectRoot = "";
			targets = (
				116F35721F93561D00955575 /* BigCeterButtonTabbar */,
			);
		};
/* End PBXProject section */

/* Begin PBXResourcesBuildPhase section */
		116F35711F93561D00955575 /* Resources */ = {
			isa = PBXResourcesBuildPhase;
			buildActionMask = 2147483647;
			files = (
				116F35811F93561D00955575 /* LaunchScreen.storyboard in Resources */,
				116F357E1F93561D00955575 /* Assets.xcassets in Resources */,
				1103BAF21F98FE7A004E2529 /* README.md in Resources */,
				116F357C1F93561D00955575 /* Main.storyboard in Resources */,
			);
			runOnlyForDeploymentPostprocessing = 0;
		};
/* End PBXResourcesBuildPhase section */

/* Begin PBXSourcesBuildPhase section */
		116F356F1F93561D00955575 /* Sources */ = {
			isa = PBXSourcesBuildPhase;
			buildActionMask = 2147483647;
			files = (
				1103BAEF1F98F5FB004E2529 /* MainViewController.swift in Sources */,
				116F35771F93561D00955575 /* AppDelegate.swift in Sources */,
				1103BAED1F98F564004E2529 /* MainMenuTabbar.swift in Sources */,
			);
			runOnlyForDeploymentPostprocessing = 0;
		};
/* End PBXSourcesBuildPhase section */

/* Begin PBXVariantGroup section */
		116F357A1F93561D00955575 /* Main.storyboard */ = {
			isa = PBXVariantGroup;
			children = (
				116F357B1F93561D00955575 /* Base */,
			);
			name = Main.storyboard;
			sourceTree = "<group>";
		};
		116F357F1F93561D00955575 /* LaunchScreen.storyboard */ = {
			isa = PBXVariantGroup;
			children = (
				116F35801F93561D00955575 /* Base */,
			);
			name = LaunchScreen.storyboard;
			sourceTree = "<group>";
		};
/* End PBXVariantGroup section */

/* Begin XCBuildConfiguration section */
		116F35831F93561D00955575 /* Debug */ = {
			isa = XCBuildConfiguration;
			buildSettings = {
				ALWAYS_SEARCH_USER_PATHS = NO;
				CLANG_ANALYZER_NONNULL = YES;
				CLANG_ANALYZER_NUMBER_OBJECT_CONVERSION = YES_AGGRESSIVE;
				CLANG_CXX_LANGUAGE_STANDARD = "gnu++14";
				CLANG_CXX_LIBRARY = "libc++";
				CLANG_ENABLE_MODULES = YES;
				CLANG_ENABLE_OBJC_ARC = YES;
				CLANG_WARN_BLOCK_CAPTURE_AUTORELEASING = YES;
				CLANG_WARN_BOOL_CONVERSION = YES;
				CLANG_WARN_COMMA = YES;
				CLANG_WARN_CONSTANT_CONVERSION = YES;
				CLANG_WARN_DIRECT_OBJC_ISA_USAGE = YES_ERROR;
				CLANG_WARN_DOCUMENTATION_COMMENTS = YES;
				CLANG_WARN_EMPTY_BODY = YES;
				CLANG_WARN_ENUM_CONVERSION = YES;
				CLANG_WARN_INFINITE_RECURSION = YES;
				CLANG_WARN_INT_CONVERSION = YES;
				CLANG_WARN_NON_LITERAL_NULL_CONVERSION = YES;
				CLANG_WARN_OBJC_LITERAL_CONVERSION = YES;
				CLANG_WARN_OBJC_ROOT_CLASS = YES_ERROR;
				CLANG_WARN_RANGE_LOOP_ANALYSIS = YES;
				CLANG_WARN_STRICT_PROTOTYPES = YES;
				CLANG_WARN_SUSPICIOUS_MOVE = YES;
				CLANG_WARN_UNGUARDED_AVAILABILITY = YES_AGGRESSIVE;
				CLANG_WARN_UNREACHABLE_CODE = YES;
				CLANG_WARN__DUPLICATE_METHOD_MATCH = YES;
				CODE_SIGN_IDENTITY = "iPhone Developer";
				COPY_PHASE_STRIP = NO;
				DEBUG_INFORMATION_FORMAT = dwarf;
				ENABLE_STRICT_OBJC_MSGSEND = YES;
				ENABLE_TESTABILITY = YES;
				GCC_C_LANGUAGE_STANDARD = gnu11;
				GCC_DYNAMIC_NO_PIC = NO;
				GCC_NO_COMMON_BLOCKS = YES;
				GCC_OPTIMIZATION_LEVEL = 0;
				GCC_PREPROCESSOR_DEFINITIONS = (
					"DEBUG=1",
					"$(inherited)",
				);
				GCC_WARN_64_TO_32_BIT_CONVERSION = YES;
				GCC_WARN_ABOUT_RETURN_TYPE = YES_ERROR;
				GCC_WARN_UNDECLARED_SELECTOR = YES;
				GCC_WARN_UNINITIALIZED_AUTOS = YES_AGGRESSIVE;
				GCC_WARN_UNUSED_FUNCTION = YES;
				GCC_WARN_UNUSED_VARIABLE = YES;
				IPHONEOS_DEPLOYMENT_TARGET = 11.0;
				MTL_ENABLE_DEBUG_INFO = YES;
				ONLY_ACTIVE_ARCH = YES;
				SDKROOT = iphoneos;
				SWIFT_ACTIVE_COMPILATION_CONDITIONS = DEBUG;
				SWIFT_OPTIMIZATION_LEVEL = "-Onone";
			};
			name = Debug;
		};
		116F35841F93561D00955575 /* Release */ = {
			isa = XCBuildConfiguration;
			buildSettings = {
				ALWAYS_SEARCH_USER_PATHS = NO;
				CLANG_ANALYZER_NONNULL = YES;
				CLANG_ANALYZER_NUMBER_OBJECT_CONVERSION = YES_AGGRESSIVE;
				CLANG_CXX_LANGUAGE_STANDARD = "gnu++14";
				CLANG_CXX_LIBRARY = "libc++";
				CLANG_ENABLE_MODULES = YES;
				CLANG_ENABLE_OBJC_ARC = YES;
				CLANG_WARN_BLOCK_CAPTURE_AUTORELEASING = YES;
				CLANG_WARN_BOOL_CONVERSION = YES;
				CLANG_WARN_COMMA = YES;
				CLANG_WARN_CONSTANT_CONVERSION = YES;
				CLANG_WARN_DIRECT_OBJC_ISA_USAGE = YES_ERROR;
				CLANG_WARN_DOCUMENTATION_COMMENTS = YES;
				CLANG_WARN_EMPTY_BODY = YES;
				CLANG_WARN_ENUM_CONVERSION = YES;
				CLANG_WARN_INFINITE_RECURSION = YES;
				CLANG_WARN_INT_CONVERSION = YES;
				CLANG_WARN_NON_LITERAL_NULL_CONVERSION = YES;
				CLANG_WARN_OBJC_LITERAL_CONVERSION = YES;
				CLANG_WARN_OBJC_ROOT_CLASS = YES_ERROR;
				CLANG_WARN_RANGE_LOOP_ANALYSIS = YES;
				CLANG_WARN_STRICT_PROTOTYPES = YES;
				CLANG_WARN_SUSPICIOUS_MOVE = YES;
				CLANG_WARN_UNGUARDED_AVAILABILITY = YES_AGGRESSIVE;
				CLANG_WARN_UNREACHABLE_CODE = YES;
				CLANG_WARN__DUPLICATE_METHOD_MATCH = YES;
				CODE_SIGN_IDENTITY = "iPhone Developer";
				COPY_PHASE_STRIP = NO;
				DEBUG_INFORMATION_FORMAT = "dwarf-with-dsym";
				ENABLE_NS_ASSERTIONS = NO;
				ENABLE_STRICT_OBJC_MSGSEND = YES;
				GCC_C_LANGUAGE_STANDARD = gnu11;
				GCC_NO_COMMON_BLOCKS = YES;
				GCC_WARN_64_TO_32_BIT_CONVERSION = YES;
				GCC_WARN_ABOUT_RETURN_TYPE = YES_ERROR;
				GCC_WARN_UNDECLARED_SELECTOR = YES;
				GCC_WARN_UNINITIALIZED_AUTOS = YES_AGGRESSIVE;
				GCC_WARN_UNUSED_FUNCTION = YES;
				GCC_WARN_UNUSED_VARIABLE = YES;
				IPHONEOS_DEPLOYMENT_TARGET = 11.0;
				MTL_ENABLE_DEBUG_INFO = NO;
				SDKROOT = iphoneos;
				SWIFT_OPTIMIZATION_LEVEL = "-Owholemodule";
				VALIDATE_PRODUCT = YES;
			};
			name = Release;
		};
		116F35861F93561D00955575 /* Debug */ = {
			isa = XCBuildConfiguration;
			buildSettings = {
				ASSETCATALOG_COMPILER_APPICON_NAME = AppIcon;
				CODE_SIGN_STYLE = Manual;
				DEVELOPMENT_TEAM = "";
				INFOPLIST_FILE = BigCeterButtonTabbar/Info.plist;
				LD_RUNPATH_SEARCH_PATHS = "$(inherited) @executable_path/Frameworks";
				PRODUCT_BUNDLE_IDENTIFIER = com.drrost.BigCeterButtonTabbar;
				PRODUCT_NAME = "$(TARGET_NAME)";
				PROVISIONING_PROFILE_SPECIFIER = "";
				SWIFT_VERSION = 4.0;
				TARGETED_DEVICE_FAMILY = "1,2";
			};
			name = Debug;
		};
		116F35871F93561D00955575 /* Release */ = {
			isa = XCBuildConfiguration;
			buildSettings = {
				ASSETCATALOG_COMPILER_APPICON_NAME = AppIcon;
				CODE_SIGN_STYLE = Manual;
				DEVELOPMENT_TEAM = "";
				INFOPLIST_FILE = BigCeterButtonTabbar/Info.plist;
				LD_RUNPATH_SEARCH_PATHS = "$(inherited) @executable_path/Frameworks";
				PRODUCT_BUNDLE_IDENTIFIER = com.drrost.BigCeterButtonTabbar;
				PRODUCT_NAME = "$(TARGET_NAME)";
				PROVISIONING_PROFILE_SPECIFIER = "";
				SWIFT_VERSION = 4.0;
				TARGETED_DEVICE_FAMILY = "1,2";
			};
			name = Release;
		};
/* End XCBuildConfiguration section */

/* Begin XCConfigurationList section */
		116F356E1F93561D00955575 /* Build configuration list for PBXProject "BigCeterButtonTabbar" */ = {
			isa = XCConfigurationList;
			buildConfigurations = (
				116F35831F93561D00955575 /* Debug */,
				116F35841F93561D00955575 /* Release */,
			);
			defaultConfigurationIsVisible = 0;
			defaultConfigurationName = Release;
		};
		116F35851F93561D00955575 /* Build configuration list for PBXNativeTarget "BigCeterButtonTabbar" */ = {
			isa = XCConfigurationList;
			buildConfigurations = (
				116F35861F93561D00955575 /* Debug */,
				116F35871F93561D00955575 /* Release */,
			);
			defaultConfigurationIsVisible = 0;
			defaultConfigurationName = Release;
		};
/* End XCConfigurationList section */
	};
	rootObject = 116F356B1F93561D00955575 /* Project object */;
}
